# Generated by pub
# See http://pub.dartlang.org/doc/glossary.html#lockfile
packages:
  browser:
    description: browser
    source: hosted
    version: "0.10.0+2"
  cookie:
    description: cookie
    source: hosted
    version: "0.0.4"
  three:
    description:
      ref: master
      resolved-ref: bf0a1d60292875822b7fdbc5aec5a8bdea55e846
      url: "git://github.com/threeDart/three.dart.git"
    source: git
    version: "0.2.5+1"
  vector_math:
    description: vector_math
    source: hosted
    version: "1.4.3"
